# This file is automatically @generated by Cargo.
# It is not intended for manual editing.
version = 4

[[package]]
name = "ecs-demo"
version = "0.1.0"
dependencies = [
 "vct_ecs",
 "vct_platform",
 "vct_ptr",
 "vct_reflect",
 "vct_tasks",
 "vct_utils",
]

[[package]]
name = "vct_ecs"
version = "0.1.0"

[[package]]
name = "vct_platform"
version = "0.1.0"

[[package]]
name = "vct_ptr"
version = "0.1.0"

[[package]]
name = "vct_reflect"
version = "0.1.0"

[[package]]
name = "vct_tasks"
version = "0.1.0"

[[package]]
name = "vct_utils"
version = "0.1.0"
